
Microsoft Visual Studio Solution File, Format Version 12.00
# Visual Studio 15
VisualStudioVersion = 15.0.28307.168
MinimumVisualStudioVersion = 10.0.40219.1
Project("{FAE04EC0-301F-11D3-BF4B-00C04F79EFBC}") = "GoodnwsWebApp", "GoodnwsWebApp\GoodnwsWebApp.csproj", "{5B3C248D-57C8-43F7-8898-CEFDFFEFF8BF}"
EndProject
Global
	GlobalSection(SolutionConfigurationPlatforms) = preSolution
		Debug|Any CPU = Debug|Any CPU
		Release|Any CPU = Release|Any CPU
	EndGlobalSection
	GlobalSection(ProjectConfigurationPlatforms) = postSolution
		{5B3C248D-57C8-43F7-8898-CEFDFFEFF8BF}.Debug|Any CPU.ActiveCfg = Debug|Any CPU
		{5B3C248D-57C8-43F7-8898-CEFDFFEFF8BF}.Debug|Any CPU.Build.0 = Debug|Any CPU
		{5B3C248D-57C8-43F7-8898-CEFDFFEFF8BF}.Release|Any CPU.ActiveCfg = Release|Any CPU
		{5B3C248D-57C8-43F7-8898-CEFDFFEFF8BF}.Release|Any CPU.Build.0 = Release|Any CPU
	EndGlobalSection
	GlobalSection(SolutionProperties) = preSolution
		HideSolutionNode = FALSE
	EndGlobalSection
	GlobalSection(ExtensibilityGlobals) = postSolution
		SolutionGuid = {E6EB7713-5670-4210-A50A-142D9393568C}
	EndGlobalSection
EndGlobal
